
Microsoft Visual Studio Solution File, Format Version 12.00
# Visual Studio Version 16
VisualStudioVersion = 16.0.31702.278
MinimumVisualStudioVersion = 10.0.40219.1
Project("{9A19103F-16F7-4668-BE54-9A1E7A4F7556}") = "WorkingWithVisualStudio", "WorkingWithVisualStudio\WorkingWithVisualStudio.csproj", "{69E0C448-B6AF-4C5C-83D5-21BCEF377736}"
EndProject
Project("{FAE04EC0-301F-11D3-BF4B-00C04F79EFBC}") = "TestPrj", "TestPrj\TestPrj.csproj", "{B5654938-833F-4243-AF5A-7CE713269CDD}"
EndProject
Global
	GlobalSection(SolutionConfigurationPlatforms) = preSolution
		Debug|Any CPU = Debug|Any CPU
		Release|Any CPU = Release|Any CPU
	EndGlobalSection
	GlobalSection(ProjectConfigurationPlatforms) = postSolution
		{69E0C448-B6AF-4C5C-83D5-21BCEF377736}.Debug|Any CPU.ActiveCfg = Debug|Any CPU
		{69E0C448-B6AF-4C5C-83D5-21BCEF377736}.Debug|Any CPU.Build.0 = Debug|Any CPU
		{69E0C448-B6AF-4C5C-83D5-21BCEF377736}.Release|Any CPU.ActiveCfg = Release|Any CPU
		{69E0C448-B6AF-4C5C-83D5-21BCEF377736}.Release|Any CPU.Build.0 = Release|Any CPU
		{B5654938-833F-4243-AF5A-7CE713269CDD}.Debug|Any CPU.ActiveCfg = Debug|Any CPU
		{B5654938-833F-4243-AF5A-7CE713269CDD}.Debug|Any CPU.Build.0 = Debug|Any CPU
		{B5654938-833F-4243-AF5A-7CE713269CDD}.Release|Any CPU.ActiveCfg = Release|Any CPU
		{B5654938-833F-4243-AF5A-7CE713269CDD}.Release|Any CPU.Build.0 = Release|Any CPU
	EndGlobalSection
	GlobalSection(SolutionProperties) = preSolution
		HideSolutionNode = FALSE
	EndGlobalSection
	GlobalSection(ExtensibilityGlobals) = postSolution
		SolutionGuid = {46E68C60-9B55-4121-B9BF-62A69FA73F49}
	EndGlobalSection
EndGlobal
